
Microsoft Visual Studio Solution File, Format Version 12.00
# Visual Studio Version 16
VisualStudioVersion = 16.0.31911.196
MinimumVisualStudioVersion = 10.0.40219.1
Project("{FAE04EC0-301F-11D3-BF4B-00C04F79EFBC}") = "TestApp", "TestApp.csproj", "{87E2B71B-99C2-486A-9CA0-272BF5B66D73}"
EndProject
Global
	GlobalSection(SolutionConfigurationPlatforms) = preSolution
		Debug|Any CPU = Debug|Any CPU
		Release|Any CPU = Release|Any CPU
	EndGlobalSection
	GlobalSection(ProjectConfigurationPlatforms) = postSolution
		{87E2B71B-99C2-486A-9CA0-272BF5B66D73}.Debug|Any CPU.ActiveCfg = Debug|Any CPU
		{87E2B71B-99C2-486A-9CA0-272BF5B66D73}.Debug|Any CPU.Build.0 = Debug|Any CPU
		{87E2B71B-99C2-486A-9CA0-272BF5B66D73}.Release|Any CPU.ActiveCfg = Release|Any CPU
		{87E2B71B-99C2-486A-9CA0-272BF5B66D73}.Release|Any CPU.Build.0 = Release|Any CPU
	EndGlobalSection
	GlobalSection(SolutionProperties) = preSolution
		HideSolutionNode = FALSE
	EndGlobalSection
	GlobalSection(ExtensibilityGlobals) = postSolution
		SolutionGuid = {7088114E-F155-4490-97F7-A4B4C5F9D7C5}
	EndGlobalSection
EndGlobal
